
Microsoft Visual Studio Solution File, Format Version 12.00
# Visual Studio Version 17
VisualStudioVersion = 17.14.36408.4
MinimumVisualStudioVersion = 10.0.40219.1
Project("{FAE04EC0-301F-11D3-BF4B-00C04F79EFBC}") = "WinFormsApp1", "WinFormsApp1\WinFormsApp1.csproj", "{0E52790E-C7CD-40E6-A05A-C73CAA637087}"
EndProject
Project("{FAE04EC0-301F-11D3-BF4B-00C04F79EFBC}") = "LoginFormTask", "LoginFormTask\LoginFormTask.csproj", "{7C7EEA47-71B6-434F-9AE5-CA834339DA7A}"
EndProject
Project("{FAE04EC0-301F-11D3-BF4B-00C04F79EFBC}") = "ListStudents", "ListStudents\ListStudents.csproj", "{C7E110E6-9530-4C7A-833E-028EBAB8A4AF}"
EndProject
Global
	GlobalSection(SolutionConfigurationPlatforms) = preSolution
		Debug|Any CPU = Debug|Any CPU
		Release|Any CPU = Release|Any CPU
	EndGlobalSection
	GlobalSection(ProjectConfigurationPlatforms) = postSolution
		{0E52790E-C7CD-40E6-A05A-C73CAA637087}.Debug|Any CPU.ActiveCfg = Debug|Any CPU
		{0E52790E-C7CD-40E6-A05A-C73CAA637087}.Debug|Any CPU.Build.0 = Debug|Any CPU
		{0E52790E-C7CD-40E6-A05A-C73CAA637087}.Release|Any CPU.ActiveCfg = Release|Any CPU
		{0E52790E-C7CD-40E6-A05A-C73CAA637087}.Release|Any CPU.Build.0 = Release|Any CPU
		{7C7EEA47-71B6-434F-9AE5-CA834339DA7A}.Debug|Any CPU.ActiveCfg = Debug|Any CPU
		{7C7EEA47-71B6-434F-9AE5-CA834339DA7A}.Debug|Any CPU.Build.0 = Debug|Any CPU
		{7C7EEA47-71B6-434F-9AE5-CA834339DA7A}.Release|Any CPU.ActiveCfg = Release|Any CPU
		{7C7EEA47-71B6-434F-9AE5-CA834339DA7A}.Release|Any CPU.Build.0 = Release|Any CPU
		{C7E110E6-9530-4C7A-833E-028EBAB8A4AF}.Debug|Any CPU.ActiveCfg = Debug|Any CPU
		{C7E110E6-9530-4C7A-833E-028EBAB8A4AF}.Debug|Any CPU.Build.0 = Debug|Any CPU
		{C7E110E6-9530-4C7A-833E-028EBAB8A4AF}.Release|Any CPU.ActiveCfg = Release|Any CPU
		{C7E110E6-9530-4C7A-833E-028EBAB8A4AF}.Release|Any CPU.Build.0 = Release|Any CPU
	EndGlobalSection
	GlobalSection(SolutionProperties) = preSolution
		HideSolutionNode = FALSE
	EndGlobalSection
	GlobalSection(ExtensibilityGlobals) = postSolution
		SolutionGuid = {D79580FD-55CA-4C9B-8EC5-0EDC5314B9D5}
	EndGlobalSection
EndGlobal
