
Microsoft Visual Studio Solution File, Format Version 12.00
# Visual Studio Version 17
VisualStudioVersion = 17.14.36408.4 d17.14
MinimumVisualStudioVersion = 10.0.40219.1
Project("{FAE04EC0-301F-11D3-BF4B-00C04F79EFBC}") = "Day02", "Day02\Day02.csproj", "{3FE76AEE-02CB-46F5-8DC0-57FE847AFA05}"
EndProject
Global
	GlobalSection(SolutionConfigurationPlatforms) = preSolution
		Debug|Any CPU = Debug|Any CPU
		Release|Any CPU = Release|Any CPU
	EndGlobalSection
	GlobalSection(ProjectConfigurationPlatforms) = postSolution
		{3FE76AEE-02CB-46F5-8DC0-57FE847AFA05}.Debug|Any CPU.ActiveCfg = Debug|Any CPU
		{3FE76AEE-02CB-46F5-8DC0-57FE847AFA05}.Debug|Any CPU.Build.0 = Debug|Any CPU
		{3FE76AEE-02CB-46F5-8DC0-57FE847AFA05}.Release|Any CPU.ActiveCfg = Release|Any CPU
		{3FE76AEE-02CB-46F5-8DC0-57FE847AFA05}.Release|Any CPU.Build.0 = Release|Any CPU
	EndGlobalSection
	GlobalSection(SolutionProperties) = preSolution
		HideSolutionNode = FALSE
	EndGlobalSection
	GlobalSection(ExtensibilityGlobals) = postSolution
		SolutionGuid = {1D229EA8-E2BB-4EFE-BF2F-C6BBF27520A7}
	EndGlobalSection
EndGlobal
